dependencies:
  '@tools/places': 'link:../places'
  string-template-format-inspect: 0.1.7
lockfileVersion: 5.1
packages:
  /@types/node/13.13.15:
    dev: false
    resolution:
      integrity: sha512-kwbcs0jySLxzLsa2nWUAGOd/s21WU1jebrEdtzhsj1D4Yps1EOuyI1Qcu+FD56dL7NRNIJtDDjcqIG22NwkgLw==
  /string-template-format-base/0.1.6:
    dependencies:
      '@types/node': 13.13.15
      tslib: 1.13.0
    dev: false
    resolution:
      integrity: sha512-4mvYtipF6d/XUUEQ5/V/EHlnT1JhdrfOIen2GO7gdt2grF8sd2Wi8+Frmyr0+huedmloca51vvk6R0xYBdr/Hw==
  /string-template-format-inspect/0.1.7:
    dependencies:
      '@types/node': 13.13.15
      string-template-format-base: 0.1.6
      tslib: 1.13.0
    dev: false
    resolution:
      integrity: sha512-1TsPe/viDWaZU6s0vRL0JgKqgZZlzrVfzLOL6CkOX+l2nvOADQh6cjfLOXgYKs/1AW/rBbINRDOZi9KDxw9q3Q==
  /tslib/1.13.0:
    dev: false
    resolution:
      integrity: sha512-i/6DQjL8Xf3be4K/E6Wgpekn5Qasl1usyw++dAA35Ue5orEn65VIxOA+YvNNl9HV3qv70T7CNwjODHZrLwvd1Q==
specifiers:
  '@tools/places': 'file:../places'
  string-template-format-inspect: ^0.1.7
