lockfileVersion: 5.3

specifiers:
  '@types/fs-extra': ^9.0.1
  fast-traverse: ^0.1.7
  fs-extra: ^10.0.0
  iter-tools: ^7.0.0
  ts-pipe-compose: ^0.2.0

dependencies:
  '@types/fs-extra': 9.0.4
  fast-traverse: 0.1.7
  fs-extra: 10.0.0
  iter-tools: 7.1.2
  ts-pipe-compose: 0.2.1

packages:

  /@babel/runtime/7.12.5:
    resolution: {integrity: sha512-plcc+hbExy3McchJCEQG3knOsuh3HH+Prx1P6cLIkET/0dLuQDEnrT+s27Axgc9bqfsmNUNHfscgMUdBpC9xfg==}
    dependencies:
      regenerator-runtime: 0.13.7
    dev: false

  /@types/fs-extra/9.0.4:
    resolution: {integrity: sha512-50GO5ez44lxK5MDH90DYHFFfqxH7+fTqEEnvguQRzJ/tY9qFrMSHLiYHite+F3SNmf7+LHC1eMXojuD+E3Qcyg==}
    dependencies:
      '@types/node': 14.14.10
    dev: false

  /@types/node/14.14.10:
    resolution: {integrity: sha512-J32dgx2hw8vXrSbu4ZlVhn1Nm3GbeCFNw2FWL8S5QKucHGY0cyNwjdQdO+KMBZ4wpmC7KhLCiNsdk1RFRIYUQQ==}
    dev: false

  /fast-traverse/0.1.7:
    resolution: {integrity: sha512-gZTQvJSgrGV24F8AeeTNxip8OEkjRHwDDpGw0b51TzRVGjJsKzh6CuHf9ltVjJZzni5Ead+EEQJ0IFCuoCJUtA==}
    dependencies:
      '@types/node': 14.14.10
      tslib: 2.0.3
    dev: false

  /fs-extra/10.0.0:
    resolution: {integrity: sha512-C5owb14u9eJwizKGdchcDUQeFtlSHHthBk8pbX9Vc1PFZrLombudjDnNns88aYslCyF6IY5SUw3Roz6xShcEIQ==}
    engines: {node: '>=12'}
    dependencies:
      graceful-fs: 4.2.4
      jsonfile: 6.1.0
      universalify: 2.0.0
    dev: false

  /graceful-fs/4.2.4:
    resolution: {integrity: sha512-WjKPNJF79dtJAVniUlGGWHYGz2jWxT6VhN/4m1NdkbZ2nOsEF+cI1Edgql5zCRhs/VsQYRvrXctxktVXZUkixw==}
    dev: false

  /iter-tools/7.1.2:
    resolution: {integrity: sha512-pIXrFK1Mnm27janeYar6M1uhHE7eVPLZwo0FC2JxRLM41nJu0lACwQMam9L0ws8EOZl+mn6Vvq/QqObls53l3w==}
    dependencies:
      '@babel/runtime': 7.12.5
    dev: false

  /jsonfile/6.1.0:
    resolution: {integrity: sha512-5dgndWOriYSm5cnYaJNhalLNDKOqFwyDB/rr1E9ZsGciGvKPs8R2xYGCacuf3z6K1YKDz182fd+fY3cn3pMqXQ==}
    dependencies:
      universalify: 2.0.0
    optionalDependencies:
      graceful-fs: 4.2.4
    dev: false

  /regenerator-runtime/0.13.7:
    resolution: {integrity: sha512-a54FxoJDIr27pgf7IgeQGxmqUNYrcV338lf/6gH456HZ/PhX+5BcwHXG9ajESmwe6WRO0tAzRUrRmNONWgkrew==}
    dev: false

  /ts-pipe-compose/0.2.1:
    resolution: {integrity: sha512-gf6ZldcfCDyNXPRiW3lQjEP1Z9rrUM/4Cn7BZbv3SdTA82zxWRP8OmLwvGR974uuENhGCFgFdN11z3n1Ofpprg==}
    engines: {node: '>= 8.9.0'}
    dev: false

  /tslib/2.0.3:
    resolution: {integrity: sha512-uZtkfKblCEQtZKBF6EBXVZeQNl82yqtDQdv+eck8u7tdPxjLu2/lp5/uPW+um2tpuxINHWy3GhiccY7QgEaVHQ==}
    dev: false

  /universalify/2.0.0:
    resolution: {integrity: sha512-hAZsKq7Yy11Zu1DE0OzWjw7nnLZmJZYTDZZyEFHZdUhV8FkH5MCfoU1XMaxXovpyW5nq5scPqq0ZDP9Zyl04oQ==}
    engines: {node: '>= 10.0.0'}
    dev: false
